
Microsoft Visual Studio Solution File, Format Version 12.00
# Visual Studio Version 17
VisualStudioVersion = 17.0.31903.59
MinimumVisualStudioVersion = 10.0.40219.1
Project("{2150E333-8FDC-42A3-9474-1A3956D46DE8}") = "01-Domain", "01-Domain", "{27CD894A-44CE-484A-861F-CA241943FFDA}"
EndProject
Project("{2150E333-8FDC-42A3-9474-1A3956D46DE8}") = "02-Infrastracture", "02-Infrastracture", "{ACFCB20B-83B3-417F-9D13-F8F17B5A2A85}"
EndProject
Project("{2150E333-8FDC-42A3-9474-1A3956D46DE8}") = "03-Endpoint", "03-Endpoint", "{998E40B8-DC7A-4D82-8DF7-6A23A3D0AA9A}"
EndProject
Project("{2150E333-8FDC-42A3-9474-1A3956D46DE8}") = "Core", "Core", "{5170E8C2-7699-48CB-9C34-85BE9F95FDCF}"
EndProject
Project("{2150E333-8FDC-42A3-9474-1A3956D46DE8}") = "Services", "Services", "{A746B24B-B950-4FBB-BB33-06767B5F97CC}"
EndProject
Project("{2150E333-8FDC-42A3-9474-1A3956D46DE8}") = "DataAccess", "DataAccess", "{586E5618-4529-4150-9C2E-139B8B0C2467}"
EndProject
Project("{2150E333-8FDC-42A3-9474-1A3956D46DE8}") = "DB", "DB", "{F03FD1F9-2DFE-4892-82F5-15769334CAC1}"
EndProject
Project("{9A19103F-16F7-4668-BE54-9A1E7A4F7556}") = "App.Domain.Core", "App.Domain.Core\App.Domain.Core.csproj", "{6C977D08-1BAA-4CBB-B1FF-1BEEC9A53A9B}"
EndProject
Project("{9A19103F-16F7-4668-BE54-9A1E7A4F7556}") = "App.Domain.AppServices", "App.Domain.AppServices\App.Domain.AppServices.csproj", "{7AFC01C2-9146-42B9-A43B-CA0345995D61}"
EndProject
Project("{9A19103F-16F7-4668-BE54-9A1E7A4F7556}") = "App.Domain.Services", "App.Domain.Services\App.Domain.Services.csproj", "{737E9644-D4C2-49E6-98FE-7E821CB727D6}"
EndProject
Project("{9A19103F-16F7-4668-BE54-9A1E7A4F7556}") = "App.Infra.DataAccess.Repo.Ef", "App.Infra.DataAccess.Repo.Ef\App.Infra.DataAccess.Repo.Ef.csproj", "{C2D8FEB0-90FA-429D-8617-D404C38479D8}"
EndProject
Project("{9A19103F-16F7-4668-BE54-9A1E7A4F7556}") = "App.Infra.DB.SqlServer.EF", "App.Infra.DB.SqlServer.EF\App.Infra.DB.SqlServer.EF.csproj", "{FF7ECC3C-26D6-4CDA-B1F7-729D61064338}"
EndProject
Project("{9A19103F-16F7-4668-BE54-9A1E7A4F7556}") = "AchareLite.UI2", "AchareLite.UI2\AchareLite.UI2.csproj", "{F05A750A-BEFA-4A1E-A0B4-C9145A2674AD}"
EndProject
Project("{2150E333-8FDC-42A3-9474-1A3956D46DE8}") = "Cache", "Cache", "{C3E5B084-5279-4C4B-A65A-D5B58AB409B9}"
EndProject
Project("{FAE04EC0-301F-11D3-BF4B-00C04F79EFBC}") = "App.Infra.Cache.InMemoryCache", "App.Infra.Cache.InMemoryCache\App.Infra.Cache.InMemoryCache.csproj", "{DFB43E74-D458-44E4-90EF-50AE3F45A96F}"
EndProject
Global
	GlobalSection(SolutionConfigurationPlatforms) = preSolution
		Debug|Any CPU = Debug|Any CPU
		Release|Any CPU = Release|Any CPU
	EndGlobalSection
	GlobalSection(ProjectConfigurationPlatforms) = postSolution
		{6C977D08-1BAA-4CBB-B1FF-1BEEC9A53A9B}.Debug|Any CPU.ActiveCfg = Debug|Any CPU
		{6C977D08-1BAA-4CBB-B1FF-1BEEC9A53A9B}.Debug|Any CPU.Build.0 = Debug|Any CPU
		{6C977D08-1BAA-4CBB-B1FF-1BEEC9A53A9B}.Release|Any CPU.ActiveCfg = Release|Any CPU
		{6C977D08-1BAA-4CBB-B1FF-1BEEC9A53A9B}.Release|Any CPU.Build.0 = Release|Any CPU
		{7AFC01C2-9146-42B9-A43B-CA0345995D61}.Debug|Any CPU.ActiveCfg = Debug|Any CPU
		{7AFC01C2-9146-42B9-A43B-CA0345995D61}.Debug|Any CPU.Build.0 = Debug|Any CPU
		{7AFC01C2-9146-42B9-A43B-CA0345995D61}.Release|Any CPU.ActiveCfg = Release|Any CPU
		{7AFC01C2-9146-42B9-A43B-CA0345995D61}.Release|Any CPU.Build.0 = Release|Any CPU
		{737E9644-D4C2-49E6-98FE-7E821CB727D6}.Debug|Any CPU.ActiveCfg = Debug|Any CPU
		{737E9644-D4C2-49E6-98FE-7E821CB727D6}.Debug|Any CPU.Build.0 = Debug|Any CPU
		{737E9644-D4C2-49E6-98FE-7E821CB727D6}.Release|Any CPU.ActiveCfg = Release|Any CPU
		{737E9644-D4C2-49E6-98FE-7E821CB727D6}.Release|Any CPU.Build.0 = Release|Any CPU
		{C2D8FEB0-90FA-429D-8617-D404C38479D8}.Debug|Any CPU.ActiveCfg = Debug|Any CPU
		{C2D8FEB0-90FA-429D-8617-D404C38479D8}.Debug|Any CPU.Build.0 = Debug|Any CPU
		{C2D8FEB0-90FA-429D-8617-D404C38479D8}.Release|Any CPU.ActiveCfg = Release|Any CPU
		{C2D8FEB0-90FA-429D-8617-D404C38479D8}.Release|Any CPU.Build.0 = Release|Any CPU
		{FF7ECC3C-26D6-4CDA-B1F7-729D61064338}.Debug|Any CPU.ActiveCfg = Debug|Any CPU
		{FF7ECC3C-26D6-4CDA-B1F7-729D61064338}.Debug|Any CPU.Build.0 = Debug|Any CPU
		{FF7ECC3C-26D6-4CDA-B1F7-729D61064338}.Release|Any CPU.ActiveCfg = Release|Any CPU
		{FF7ECC3C-26D6-4CDA-B1F7-729D61064338}.Release|Any CPU.Build.0 = Release|Any CPU
		{F05A750A-BEFA-4A1E-A0B4-C9145A2674AD}.Debug|Any CPU.ActiveCfg = Debug|Any CPU
		{F05A750A-BEFA-4A1E-A0B4-C9145A2674AD}.Debug|Any CPU.Build.0 = Debug|Any CPU
		{F05A750A-BEFA-4A1E-A0B4-C9145A2674AD}.Release|Any CPU.ActiveCfg = Release|Any CPU
		{F05A750A-BEFA-4A1E-A0B4-C9145A2674AD}.Release|Any CPU.Build.0 = Release|Any CPU
		{DFB43E74-D458-44E4-90EF-50AE3F45A96F}.Debug|Any CPU.ActiveCfg = Debug|Any CPU
		{DFB43E74-D458-44E4-90EF-50AE3F45A96F}.Debug|Any CPU.Build.0 = Debug|Any CPU
		{DFB43E74-D458-44E4-90EF-50AE3F45A96F}.Release|Any CPU.ActiveCfg = Release|Any CPU
		{DFB43E74-D458-44E4-90EF-50AE3F45A96F}.Release|Any CPU.Build.0 = Release|Any CPU
	EndGlobalSection
	GlobalSection(SolutionProperties) = preSolution
		HideSolutionNode = FALSE
	EndGlobalSection
	GlobalSection(NestedProjects) = preSolution
		{5170E8C2-7699-48CB-9C34-85BE9F95FDCF} = {27CD894A-44CE-484A-861F-CA241943FFDA}
		{A746B24B-B950-4FBB-BB33-06767B5F97CC} = {27CD894A-44CE-484A-861F-CA241943FFDA}
		{586E5618-4529-4150-9C2E-139B8B0C2467} = {ACFCB20B-83B3-417F-9D13-F8F17B5A2A85}
		{F03FD1F9-2DFE-4892-82F5-15769334CAC1} = {ACFCB20B-83B3-417F-9D13-F8F17B5A2A85}
		{6C977D08-1BAA-4CBB-B1FF-1BEEC9A53A9B} = {5170E8C2-7699-48CB-9C34-85BE9F95FDCF}
		{7AFC01C2-9146-42B9-A43B-CA0345995D61} = {A746B24B-B950-4FBB-BB33-06767B5F97CC}
		{737E9644-D4C2-49E6-98FE-7E821CB727D6} = {A746B24B-B950-4FBB-BB33-06767B5F97CC}
		{C2D8FEB0-90FA-429D-8617-D404C38479D8} = {586E5618-4529-4150-9C2E-139B8B0C2467}
		{FF7ECC3C-26D6-4CDA-B1F7-729D61064338} = {F03FD1F9-2DFE-4892-82F5-15769334CAC1}
		{F05A750A-BEFA-4A1E-A0B4-C9145A2674AD} = {998E40B8-DC7A-4D82-8DF7-6A23A3D0AA9A}
		{C3E5B084-5279-4C4B-A65A-D5B58AB409B9} = {ACFCB20B-83B3-417F-9D13-F8F17B5A2A85}
		{DFB43E74-D458-44E4-90EF-50AE3F45A96F} = {C3E5B084-5279-4C4B-A65A-D5B58AB409B9}
	EndGlobalSection
	GlobalSection(ExtensibilityGlobals) = postSolution
		SolutionGuid = {E8ADF972-C3C0-4057-BD11-468811B4434A}
	EndGlobalSection
EndGlobal
